
Microsoft Visual Studio Solution File, Format Version 12.00
# Visual Studio 15
VisualStudioVersion = 15.0.28010.2016
MinimumVisualStudioVersion = 10.0.40219.1
Project("{FAE04EC0-301F-11D3-BF4B-00C04F79EFBC}") = "CustomerService", "CustomerService\CustomerService.csproj", "{C1386DCB-4062-4029-A787-C9174D4556A6}"
EndProject
Global
	GlobalSection(SolutionConfigurationPlatforms) = preSolution
		Debug|Any CPU = Debug|Any CPU
		Release|Any CPU = Release|Any CPU
	EndGlobalSection
	GlobalSection(ProjectConfigurationPlatforms) = postSolution
		{C1386DCB-4062-4029-A787-C9174D4556A6}.Debug|Any CPU.ActiveCfg = Debug|Any CPU
		{C1386DCB-4062-4029-A787-C9174D4556A6}.Debug|Any CPU.Build.0 = Debug|Any CPU
		{C1386DCB-4062-4029-A787-C9174D4556A6}.Release|Any CPU.ActiveCfg = Release|Any CPU
		{C1386DCB-4062-4029-A787-C9174D4556A6}.Release|Any CPU.Build.0 = Release|Any CPU
	EndGlobalSection
	GlobalSection(SolutionProperties) = preSolution
		HideSolutionNode = FALSE
	EndGlobalSection
	GlobalSection(ExtensibilityGlobals) = postSolution
		SolutionGuid = {4E367ABC-6BC0-4E24-90C9-76F5DE18B95A}
	EndGlobalSection
EndGlobal
